dependencies:
- name: redis
  repository: https://kubernetes-charts.storage.googleapis.com/
  version: ^10.5.7
- name: postgresql
  repository: https://kubernetes-charts.storage.googleapis.com/
  version: 8.6.4
digest: sha256:6abe17147f300e4c0ceedcdf6e5dda01ed7082fdd92e754492dde973d66dd2ad
generated: "2020-05-01T10:19:55.162491+09:00"
