dependencies:
- name: redis
  repository: https://kubernetes-charts.storage.googleapis.com/
  version: 3.10.0
- name: postgresql
  repository: https://kubernetes-charts.storage.googleapis.com/
  version: 0.8.3
digest: sha256:a2e46730065a7c02eb3553a0e65c8df196766c329fdb93579263f5b65109945f
generated: 2018-10-12T14:50:19.879215339-07:00
